
Microsoft Visual Studio Solution File, Format Version 11.00
# Visual Studio 2010
Project("{FAE04EC0-301F-11D3-BF4B-00C04F79EFBC}") = "Assembly-CSharp-firstpass", "Assembly-CSharp-firstpass.csproj", "{6036016B-A0D4-E1D6-A3F7-05F262D4CF3E}"
EndProject
Project("{FAE04EC0-301F-11D3-BF4B-00C04F79EFBC}") = "Assembly-CSharp", "Assembly-CSharp.csproj", "{E2755366-EA7E-2063-FE4B-5C70D73C8927}"
EndProject
Project("{FAE04EC0-301F-11D3-BF4B-00C04F79EFBC}") = "Assembly-CSharp-Editor", "Assembly-CSharp-Editor.csproj", "{9AD91A58-DBCF-0A4D-337B-0C1652396FD1}"
EndProject
Global
	GlobalSection(SolutionConfigurationPlatforms) = preSolution
		Debug|Any CPU = Debug|Any CPU
		Release|Any CPU = Release|Any CPU
	EndGlobalSection
	GlobalSection(ProjectConfigurationPlatforms) = postSolution
		{6036016B-A0D4-E1D6-A3F7-05F262D4CF3E}.Debug|Any CPU.ActiveCfg = Debug|Any CPU
		{6036016B-A0D4-E1D6-A3F7-05F262D4CF3E}.Debug|Any CPU.Build.0 = Debug|Any CPU
		{6036016B-A0D4-E1D6-A3F7-05F262D4CF3E}.Release|Any CPU.ActiveCfg = Release|Any CPU
		{6036016B-A0D4-E1D6-A3F7-05F262D4CF3E}.Release|Any CPU.Build.0 = Release|Any CPU
		{E2755366-EA7E-2063-FE4B-5C70D73C8927}.Debug|Any CPU.ActiveCfg = Debug|Any CPU
		{E2755366-EA7E-2063-FE4B-5C70D73C8927}.Debug|Any CPU.Build.0 = Debug|Any CPU
		{E2755366-EA7E-2063-FE4B-5C70D73C8927}.Release|Any CPU.ActiveCfg = Release|Any CPU
		{E2755366-EA7E-2063-FE4B-5C70D73C8927}.Release|Any CPU.Build.0 = Release|Any CPU
		{9AD91A58-DBCF-0A4D-337B-0C1652396FD1}.Debug|Any CPU.ActiveCfg = Debug|Any CPU
		{9AD91A58-DBCF-0A4D-337B-0C1652396FD1}.Debug|Any CPU.Build.0 = Debug|Any CPU
		{9AD91A58-DBCF-0A4D-337B-0C1652396FD1}.Release|Any CPU.ActiveCfg = Release|Any CPU
		{9AD91A58-DBCF-0A4D-337B-0C1652396FD1}.Release|Any CPU.Build.0 = Release|Any CPU
	EndGlobalSection
	GlobalSection(SolutionProperties) = preSolution
		HideSolutionNode = FALSE
	EndGlobalSection
EndGlobal
